
Microsoft Visual Studio Solution File, Format Version 12.00
# Visual Studio Version 17
VisualStudioVersion = 17.13.35825.156 d17.13
MinimumVisualStudioVersion = 10.0.40219.1
Project("{FAE04EC0-301F-11D3-BF4B-00C04F79EFBC}") = "BaiTHbuoi1", "BaiTHbuoi1\BaiTHbuoi1.csproj", "{B70E5162-6C39-4E02-A9E0-D54282D54C28}"
EndProject
Global
	GlobalSection(SolutionConfigurationPlatforms) = preSolution
		Debug|Any CPU = Debug|Any CPU
		Release|Any CPU = Release|Any CPU
	EndGlobalSection
	GlobalSection(ProjectConfigurationPlatforms) = postSolution
		{B70E5162-6C39-4E02-A9E0-D54282D54C28}.Debug|Any CPU.ActiveCfg = Debug|Any CPU
		{B70E5162-6C39-4E02-A9E0-D54282D54C28}.Debug|Any CPU.Build.0 = Debug|Any CPU
		{B70E5162-6C39-4E02-A9E0-D54282D54C28}.Release|Any CPU.ActiveCfg = Release|Any CPU
		{B70E5162-6C39-4E02-A9E0-D54282D54C28}.Release|Any CPU.Build.0 = Release|Any CPU
	EndGlobalSection
	GlobalSection(SolutionProperties) = preSolution
		HideSolutionNode = FALSE
	EndGlobalSection
	GlobalSection(ExtensibilityGlobals) = postSolution
		SolutionGuid = {B8B7E221-C3BF-4447-AD9F-96007989DE09}
	EndGlobalSection
EndGlobal
